
Microsoft Visual Studio Solution File, Format Version 12.00
# Visual Studio Version 16
VisualStudioVersion = 16.0.33529.622
MinimumVisualStudioVersion = 10.0.40219.1
Project("{FAE04EC0-301F-11D3-BF4B-00C04F79EFBC}") = "Bigdeal", "Bigdeal\Bigdeal.csproj", "{A519D165-3037-4343-AEAF-BF381188AECC}"
EndProject
Global
	GlobalSection(SolutionConfigurationPlatforms) = preSolution
		Debug|Any CPU = Debug|Any CPU
		Release|Any CPU = Release|Any CPU
	EndGlobalSection
	GlobalSection(ProjectConfigurationPlatforms) = postSolution
		{A519D165-3037-4343-AEAF-BF381188AECC}.Debug|Any CPU.ActiveCfg = Debug|Any CPU
		{A519D165-3037-4343-AEAF-BF381188AECC}.Debug|Any CPU.Build.0 = Debug|Any CPU
		{A519D165-3037-4343-AEAF-BF381188AECC}.Release|Any CPU.ActiveCfg = Release|Any CPU
		{A519D165-3037-4343-AEAF-BF381188AECC}.Release|Any CPU.Build.0 = Release|Any CPU
	EndGlobalSection
	GlobalSection(SolutionProperties) = preSolution
		HideSolutionNode = FALSE
	EndGlobalSection
	GlobalSection(ExtensibilityGlobals) = postSolution
		SolutionGuid = {20AA3FA4-2801-41B9-8129-8610B2344618}
	EndGlobalSection
EndGlobal
